{
  "version": "2",
  "remote": {
    "https://deno.land/std@0.125.0/_util/assert.ts": "6396c1bd0361c4939e7f32f9b03efffcd04b640a1b206ed67058553d6cb59cc4",
    "https://deno.land/std@0.125.0/bytes/bytes_list.ts": "cfe63225fc153a1ae8f18c1d68d979e131906487664719d92771642b6587b11c",
    "https://deno.land/std@0.125.0/bytes/equals.ts": "6f38a72d4a75a1232fe984e5fb362b962c2e9bec6385f4ca13252e1ca53dba00",
    "https://deno.land/std@0.125.0/bytes/mod.ts": "ed5c42feb746c3709d186787346004f97301dc076b33434653e451efd8efcf6a",
    "https://deno.land/std@0.125.0/io/buffer.ts": "22a7e7c6f693a9c3547d0caa2dcae2a5582cb5b1bec22b28322d0352a9209e34",
    "https://deno.land/std@0.125.0/io/types.d.ts": "01f60ae7ec02675b5dbed150d258fc184a78dfe5c209ef53ba4422b46b58822c",
    "https://deno.land/std@0.125.0/streams/conversion.ts": "fec481215c9c376047e7cc4251933c37f00708b2a582ee39b320c6e0a7e1e379",
    "https://deno.land/std@0.153.0/_wasm_crypto/lib/deno_std_wasm_crypto.generated.mjs": "dfcd6777d05345362c70f9f2c49abba3ed3f925fccfcf725abe2d16d51819433",
    "https://deno.land/std@0.153.0/_wasm_crypto/mod.ts": "6c60d332716147ded0eece0861780678d51b560f533b27db2e15c64a4ef83665",
    "https://deno.land/std@0.153.0/crypto/_fnv/fnv32.ts": "aa9bddead8c6345087d3abd4ef35fb9655622afc333fc41fff382b36e64280b5",
    "https://deno.land/std@0.153.0/crypto/_fnv/fnv64.ts": "625d7e7505b6cb2e9801b5fd6ed0a89256bac12b2bbb3e4664b85a88b0ec5bef",
    "https://deno.land/std@0.153.0/crypto/_fnv/index.ts": "a8f6a361b4c6d54e5e89c16098f99b6962a1dd6ad1307dbc97fa1ecac5d7060a",
    "https://deno.land/std@0.153.0/crypto/_fnv/util.ts": "4848313bed7f00f55be3cb080aa0583fc007812ba965b03e4009665bde614ce3",
    "https://deno.land/std@0.153.0/crypto/keystack.ts": "e481eed28007395e554a435e880fee83a5c73b9259ed8a135a75e4b1e4f381f7",
    "https://deno.land/std@0.153.0/crypto/mod.ts": "0ef11f063cd0f9759485a3c9051e15125e1bde3b47c23b47e79b6e13cfcf9481",
    "https://deno.land/std@0.153.0/crypto/timing_safe_equal.ts": "82a29b737bc8932d75d7a20c404136089d5d23629e94ba14efa98a8cc066c73e",
    "https://deno.land/std@0.153.0/encoding/base64.ts": "c57868ca7fa2fbe919f57f88a623ad34e3d970d675bdc1ff3a9d02bba7409db2",
    "https://deno.land/std@0.153.0/encoding/base64url.ts": "a5f82a9fa703bd85a5eb8e7c1296bc6529e601ebd9642cc2b5eaa6b38fa9e05a",
    "https://deno.land/std@0.153.0/fmt/colors.ts": "ff7dc9c9f33a72bd48bc24b21bbc1b4545d8494a431f17894dbc5fe92a938fc4",
    "https://deno.land/std@0.153.0/testing/_diff.ts": "141f978a283defc367eeee3ff7b58aa8763cf7c8e0c585132eae614468e9d7b8",
    "https://deno.land/std@0.153.0/testing/_format.ts": "cd11136e1797791045e639e9f0f4640d5b4166148796cad37e6ef75f7d7f3832",
    "https://deno.land/std@0.153.0/testing/asserts.ts": "d6595cfc330b4233546a047a0d7d57940771aa9d97a172ceb91e84ae6200b3af",
    "https://deno.land/std@0.161.0/fmt/colors.ts": "9e36a716611dcd2e4865adea9c4bec916b5c60caad4cdcdc630d4974e6bb8bd4",
    "https://deno.land/std@0.162.0/_util/assert.ts": "e94f2eb37cebd7f199952e242c77654e43333c1ac4c5c700e929ea3aa5489f74",
    "https://deno.land/std@0.162.0/_util/os.ts": "8a33345f74990e627b9dfe2de9b040004b08ea5146c7c9e8fe9a29070d193934",
    "https://deno.land/std@0.162.0/async/abortable.ts": "87aa7230be8360c24ad437212311c9e8d4328854baec27b4c7abb26e85515c06",
    "https://deno.land/std@0.162.0/async/deadline.ts": "48ac998d7564969f3e6ec6b6f9bf0217ebd00239b1b2292feba61272d5dd58d0",
    "https://deno.land/std@0.162.0/async/debounce.ts": "dc8b92d4a4fe7eac32c924f2b8d3e62112530db70cadce27042689d82970b350",
    "https://deno.land/std@0.162.0/async/deferred.ts": "d8fb253ffde2a056e4889ef7e90f3928f28be9f9294b6505773d33f136aab4e6",
    "https://deno.land/std@0.162.0/async/delay.ts": "0419dfc993752849692d1f9647edf13407c7facc3509b099381be99ffbc9d699",
    "https://deno.land/std@0.162.0/async/mod.ts": "dd0a8ed4f3984ffabe2fcca7c9f466b7932d57b1864ffee148a5d5388316db6b",
    "https://deno.land/std@0.162.0/async/mux_async_iterator.ts": "3447b28a2a582224a3d4d3596bccbba6e85040da3b97ed64012f7decce98d093",
    "https://deno.land/std@0.162.0/async/pool.ts": "ef9eb97b388543acbf0ac32647121e4dbe629236899586c4d4311a8770fbb239",
    "https://deno.land/std@0.162.0/async/tee.ts": "9af3a3e7612af75861308b52249e167f5ebc3dcfc8a1a4d45462d96606ee2b70",
    "https://deno.land/std@0.162.0/bytes/bytes_list.ts": "aba5e2369e77d426b10af1de0dcc4531acecec27f9b9056f4f7bfbf8ac147ab4",
    "https://deno.land/std@0.162.0/bytes/equals.ts": "3c3558c3ae85526f84510aa2b48ab2ad7bdd899e2e0f5b7a8ffc85acb3a6043a",
    "https://deno.land/std@0.162.0/bytes/mod.ts": "b2e342fd3669176a27a4e15061e9d588b89c1aaf5008ab71766e23669565d179",
    "https://deno.land/std@0.162.0/crypto/_fnv/fnv32.ts": "aa9bddead8c6345087d3abd4ef35fb9655622afc333fc41fff382b36e64280b5",
    "https://deno.land/std@0.162.0/crypto/_fnv/fnv64.ts": "625d7e7505b6cb2e9801b5fd6ed0a89256bac12b2bbb3e4664b85a88b0ec5bef",
    "https://deno.land/std@0.162.0/crypto/_fnv/index.ts": "a8f6a361b4c6d54e5e89c16098f99b6962a1dd6ad1307dbc97fa1ecac5d7060a",
    "https://deno.land/std@0.162.0/crypto/_fnv/util.ts": "4848313bed7f00f55be3cb080aa0583fc007812ba965b03e4009665bde614ce3",
    "https://deno.land/std@0.162.0/crypto/_wasm_crypto/lib/deno_std_wasm_crypto.generated.mjs": "258b484c2da27578bec61c01d4b62c21f72268d928d03c968c4eb590cb3bd830",
    "https://deno.land/std@0.162.0/crypto/_wasm_crypto/mod.ts": "6c60d332716147ded0eece0861780678d51b560f533b27db2e15c64a4ef83665",
    "https://deno.land/std@0.162.0/crypto/keystack.ts": "e481eed28007395e554a435e880fee83a5c73b9259ed8a135a75e4b1e4f381f7",
    "https://deno.land/std@0.162.0/crypto/mod.ts": "e70623c956a5f70fa54605d44da961a6a886e8ffcfc9f763877db4eb1beeeef1",
    "https://deno.land/std@0.162.0/crypto/timing_safe_equal.ts": "82a29b737bc8932d75d7a20c404136089d5d23629e94ba14efa98a8cc066c73e",
    "https://deno.land/std@0.162.0/crypto/util.ts": "93fc9dbaa62421538ad60ee65337cbf1d8a0298fac3c4f70b37e5627e7e129eb",
    "https://deno.land/std@0.162.0/encoding/base64.ts": "c57868ca7fa2fbe919f57f88a623ad34e3d970d675bdc1ff3a9d02bba7409db2",
    "https://deno.land/std@0.162.0/encoding/base64url.ts": "a5f82a9fa703bd85a5eb8e7c1296bc6529e601ebd9642cc2b5eaa6b38fa9e05a",
    "https://deno.land/std@0.162.0/encoding/hex.ts": "4cc5324417cbb4ac9b828453d35aed45b9cc29506fad658f1f138d981ae33795",
    "https://deno.land/std@0.162.0/flags/mod.ts": "e35fbfc7e90db230f7a4a99bc2888c60d9ccbff415cb930350366a38b0de79c7",
    "https://deno.land/std@0.162.0/fmt/colors.ts": "9e36a716611dcd2e4865adea9c4bec916b5c60caad4cdcdc630d4974e6bb8bd4",
    "https://deno.land/std@0.162.0/fs/_util.ts": "fdc156f897197f261a1c096dcf8ff9267ed0ff42bd5b31f55053a4763a4bae3b",
    "https://deno.land/std@0.162.0/fs/copy.ts": "73bdf24f4322648d9bc38ef983b818637ba368351d17aa03644209d3ce3eac31",
    "https://deno.land/std@0.162.0/fs/empty_dir.ts": "c15a0aaaf40f8c21cca902aa1e01a789ad0c2fd1b7e2eecf4957053c5dbf707f",
    "https://deno.land/std@0.162.0/fs/ensure_dir.ts": "76395fc1c989ca8d2de3aedfa8240eb8f5225cde20f926de957995b063135b80",
    "https://deno.land/std@0.162.0/fs/ensure_file.ts": "b8e32ea63aa21221d0219760ba3f741f682d7f7d68d0d24a3ec067c338568152",
    "https://deno.land/std@0.162.0/fs/ensure_link.ts": "5cc1c04f18487d7d1edf4c5469705f30b61390ffd24ad7db6df85e7209b32bb2",
    "https://deno.land/std@0.162.0/fs/ensure_symlink.ts": "5273557b8c50be69477aa9cb003b54ff2240a336db52a40851c97abce76b96ab",
    "https://deno.land/std@0.162.0/fs/eol.ts": "65b1e27320c3eec6fb653b27e20056ee3d015d3e91db388cfefa41616ebc7cb3",
    "https://deno.land/std@0.162.0/fs/exists.ts": "6a447912e49eb79cc640adacfbf4b0baf8e17ede6d5bed057062ce33c4fa0d68",
    "https://deno.land/std@0.162.0/fs/expand_glob.ts": "d3f62aefc7718d878904d60d91e8e6dbbf86c696d32b6cbbc333637acf7f8571",
    "https://deno.land/std@0.162.0/fs/mod.ts": "354a6f972ef4e00c4dd1f1339a8828ef0764c1c23d3c0010af3fcc025d8655b0",
    "https://deno.land/std@0.162.0/fs/move.ts": "6d7fa9da60dbc7a32dd7fdbc2ff812b745861213c8e92ba96dace0669b0c378c",
    "https://deno.land/std@0.162.0/fs/walk.ts": "d96d4e5b6a3552e8304f28a0fd0b317b812298298449044f8de4932c869388a5",
    "https://deno.land/std@0.162.0/http/http_status.ts": "897575a7d6bc2b9123f6a38ecbc0f03d95a532c5d92029315dc9f508e12526b8",
    "https://deno.land/std@0.162.0/io/buffer.ts": "fae02290f52301c4e0188670e730cd902f9307fb732d79c4aa14ebdc82497289",
    "https://deno.land/std@0.162.0/io/types.d.ts": "107e1e64834c5ba917c783f446b407d33432c5d612c4b3430df64fc2b4ecf091",
    "https://deno.land/std@0.162.0/node/_core.ts": "ca7acad30ced9cc815a4a4cbb5fec97b7c300e99edf076ab6d92d4ead1eb0868",
    "https://deno.land/std@0.162.0/node/_crypto/crypto_browserify/asn1.js/base/buffer.js": "73beb8294eb29bd61458bbaaeeb51dfad4ec9c9868a62207a061d908f1637261",
    "https://deno.land/std@0.162.0/node/_crypto/crypto_browserify/asn1.js/base/node.js": "4b777980d2a23088698fd2ff065bb311a2c713497d359e674cb6ef6baf267a0f",
    "https://deno.land/std@0.162.0/node/_crypto/crypto_browserify/asn1.js/base/reporter.js": "8e4886e8ae311c9a92caf58bbbd8670326ceeae97430f4884e558e4acf8e8598",
    "https://deno.land/std@0.162.0/node/_crypto/crypto_browserify/asn1.js/constants/der.js": "354b255479bff22a31d25bf08b217a295071700e37d0991cc05cac9f95e5e7ca",
    "https://deno.land/std@0.162.0/node/_crypto/crypto_browserify/asn1.js/decoders/der.js": "c6faf66761daa43fbf79221308443893587c317774047b508a04c570713b76fb",
    "https://deno.land/std@0.162.0/node/_crypto/crypto_browserify/asn1.js/decoders/pem.js": "8316ef7ce2ce478bc3dc1e9df1b75225d1eb8fb5d1378f8adf0cf19ecea5b501",
    "https://deno.land/std@0.162.0/node/_crypto/crypto_browserify/asn1.js/encoders/der.js": "408336c88d17c5605ea64081261cf42267d8f9fda90098cb560aa6635bb00877",
    "https://deno.land/std@0.162.0/node/_crypto/crypto_browserify/asn1.js/encoders/pem.js": "42a00c925b68c0858d6de0ba41ab89935b39fae9117bbf72a9abb2f4b755a2e7",
    "https://deno.land/std@0.162.0/node/_crypto/crypto_browserify/asn1.js/mod.js": "7b78859707be10a0a1e4faccdd28cd5a4f71ad74a3e7bebda030757da97cd232",
    "https://deno.land/std@0.162.0/node/_crypto/crypto_browserify/bn.js/bn.js": "abd1badd659fd0ae54e6a421a573a25aef4e795edc392178360cf716b144286d",
    "https://deno.land/std@0.162.0/node/_crypto/crypto_browserify/browserify_aes/aes.js": "1cf4c354c5bb341ffc9ab7207f471229835b021947225bce2e1642f26643847a",
    "https://deno.land/std@0.162.0/node/_crypto/crypto_browserify/browserify_aes/auth_cipher.js": "19b4dbb903e8406eb733176e6318d5e1a3bd382b67b72f7cf8e1c46cc6321ba4",
    "https://deno.land/std@0.162.0/node/_crypto/crypto_browserify/browserify_aes/decrypter.js": "05c1676942fd8e95837115bc2d1371bcf62e9bf19f6c3348870961fc64ddad0b",
    "https://deno.land/std@0.162.0/node/_crypto/crypto_browserify/browserify_aes/encrypter.js": "93ec98ab26fbeb5969eae2943e42fb66780f377b9b0ff0ecc32a9ed11201b142",
    "https://deno.land/std@0.162.0/node/_crypto/crypto_browserify/browserify_aes/ghash.js": "667b64845764a84f0096ef8cf7debed1a5f15ac9af26b379848237be57da399a",
    "https://deno.land/std@0.162.0/node/_crypto/crypto_browserify/browserify_aes/incr32.js": "4a7f0107753e4390b4ccc4dbd5200c5527d43f894f768e131903df30a09dfd67",
    "https://deno.land/std@0.162.0/node/_crypto/crypto_browserify/browserify_aes/mod.js": "d8eb88e7a317467831473621f32e60d7db9d981f6a2ae45d2fb2af170eab2d22",
    "https://deno.land/std@0.162.0/node/_crypto/crypto_browserify/browserify_aes/modes/cbc.js": "9790799cff181a074686c885708cb8eb473aeb3c86ff2e8d0ff911ae6c1e4431",
    "https://deno.land/std@0.162.0/node/_crypto/crypto_browserify/browserify_aes/modes/cfb.js": "a4e36ede6f26d8559d8f0528a134592761c706145a641bd9ad1100763e831cdb",
    "https://deno.land/std@0.162.0/node/_crypto/crypto_browserify/browserify_aes/modes/cfb1.js": "c6372f4973a68ca742682e81d1165e8869aaabf0091a8b963d4d60e5ee8e6f6a",
    "https://deno.land/std@0.162.0/node/_crypto/crypto_browserify/browserify_aes/modes/cfb8.js": "bd29eebb89199b056ff2441f7fb5e0300f458e13dcaaddbb8bc00cbdb199db67",
    "https://deno.land/std@0.162.0/node/_crypto/crypto_browserify/browserify_aes/modes/ctr.js": "9c2cbac1fc8f9b58334faacb98e6c57e8c3712f673ea4cf2d528a2894998ab2f",
    "https://deno.land/std@0.162.0/node/_crypto/crypto_browserify/browserify_aes/modes/ecb.js": "9629d193433688f0cfc432eca52838db0fb28d9eb4f45563df952bde50b59763",
    "https://deno.land/std@0.162.0/node/_crypto/crypto_browserify/browserify_aes/modes/mod.js": "7d8516ef8a20565539eb17cad5bb70add02ac06d1891e8f47cb981c22821787e",
    "https://deno.land/std@0.162.0/node/_crypto/crypto_browserify/browserify_aes/modes/ofb.js": "c23abaa6f1ec5343e9d7ba61d702acb3d81a0bd3d34dd2004e36975dc043d6ff",
    "https://deno.land/std@0.162.0/node/_crypto/crypto_browserify/browserify_aes/stream_cipher.js": "a533a03a2214c6b5934ce85a59eb1e04239fd6f429017c7ca3c443ec7e07e68f",
    "https://deno.land/std@0.162.0/node/_crypto/crypto_browserify/browserify_aes/xor.ts": "4417711c026eb9a07475067cd31fa601e88c2d6ababd606d33d1e74da6fcfd09",
    "https://deno.land/std@0.162.0/node/_crypto/crypto_browserify/browserify_rsa.js": "de8c98d2379a70d8c239b4886e2b3a11c7204eec39ae6b65d978d0d516ee6b08",
    "https://deno.land/std@0.162.0/node/_crypto/crypto_browserify/cipher_base.js": "f565ad9daf3b3dd3b68381bed848da94fb093a9e4e5a48c92f47e26cc229df39",
    "https://deno.land/std@0.162.0/node/_crypto/crypto_browserify/evp_bytes_to_key.ts": "006ecde1cc428b16f2d214637c35296279710b3a8d211dcf91d561c2cd692125",
    "https://deno.land/std@0.162.0/node/_crypto/crypto_browserify/parse_asn1/asn1.js": "4f33b0197ffbe9cff62e5bad266e6b40d55874ea653552bb32ed251ad091f70a",
    "https://deno.land/std@0.162.0/node/_crypto/crypto_browserify/parse_asn1/certificate.js": "aab306870830a81ad188db8fa8e037d7f5dd6c5abdabbd9739558245d1a12224",
    "https://deno.land/std@0.162.0/node/_crypto/crypto_browserify/parse_asn1/fix_proc.js": "af3052b76f441878e102ffcfc7420692e65777af765e96f786310ae1acf7f76a",
    "https://deno.land/std@0.162.0/node/_crypto/crypto_browserify/parse_asn1/mod.js": "9d445baecb55d4abbe6434be55d5bb7976ea752c3976a75b7e2684a7d440a576",
    "https://deno.land/std@0.162.0/node/_crypto/crypto_browserify/public_encrypt/mgf.js": "46cf72f2b9aa678a15daef8ed551241f2d0c1ca38b8b6c8e5226a4853540d7b2",
    "https://deno.land/std@0.162.0/node/_crypto/crypto_browserify/public_encrypt/mod.js": "eb8b64d7a58ee3823c1b642e799cc7ed1257d99f4d4aefa2b4796dd112ec094a",
    "https://deno.land/std@0.162.0/node/_crypto/crypto_browserify/public_encrypt/private_decrypt.js": "220de06bf9edcfa4def18c30a16aa0482b1ddc24f8712f46509e82b1e3be122c",
    "https://deno.land/std@0.162.0/node/_crypto/crypto_browserify/public_encrypt/public_encrypt.js": "4679188b9b38502ac21b5e1a5bcfbcd278f51854f5385aac8d9962d7c21b2a6e",
    "https://deno.land/std@0.162.0/node/_crypto/crypto_browserify/public_encrypt/with_public.js": "7373dac9b53b8331ccf3521c854a131dcb304a2e4d34cd116649118f7919ed0c",
    "https://deno.land/std@0.162.0/node/_crypto/crypto_browserify/public_encrypt/xor.js": "900c6fc8b95e1861d796193c41988f5f70a09c7059e42887a243d0113ecaf0fd",
    "https://deno.land/std@0.162.0/node/_crypto/crypto_browserify/randombytes.ts": "414e2a13f1ea79980acba7b4634821b7a636f1856eedbba7cce8fa528c11e9a0",
    "https://deno.land/std@0.162.0/node/_events.d.ts": "3899ee9c37055fbb750e32cb43d7c435077c04446af948300080e1a590c6edf0",
    "https://deno.land/std@0.162.0/node/_events.mjs": "303e8aa60ace559e4ca0d19e8475f87311bee9e8330b4b497644d70f2002fc27",
    "https://deno.land/std@0.162.0/node/_global.d.ts": "6dadaf8cec2a0c506b22170617286e0bdc80be53dd0673e67fc7dd37a1130c68",
    "https://deno.land/std@0.162.0/node/_next_tick.ts": "81c1826675493b76f90c646fb1274a4c84b5cc913a80ca4526c32cd7c46a0b06",
    "https://deno.land/std@0.162.0/node/_process/exiting.ts": "bc9694769139ffc596f962087155a8bfef10101d03423b9dcbc51ce6e1f88fce",
    "https://deno.land/std@0.162.0/node/_process/process.ts": "d5bf113a4b62f4abe4cb7ec5a9d00d44dac0ad9e82a23d00cc27d71e05ae8b66",
    "https://deno.land/std@0.162.0/node/_process/stdio.mjs": "971c3b086040d8521562155db13f22f9971d5c42c852b2081d4d2f0d8b6ab6bd",
    "https://deno.land/std@0.162.0/node/_stream.d.ts": "83e9da2f81de3205926f1e86ba54442aa5a3caf4c5e84a4c8699402ad340142b",
    "https://deno.land/std@0.162.0/node/_stream.mjs": "9a80217d9734f6e4284aae0ea55dd82b243f5517bc1814e983ad41b01732f712",
    "https://deno.land/std@0.162.0/node/_utils.ts": "3d5462910bafe08a79797fefedfde5cc743702b4d24e2d13b9c47c1603d9d33d",
    "https://deno.land/std@0.162.0/node/buffer.ts": "43f07b2d1523345bf35b7deb7fcdad6e916020a631a7bc1b5efcaff556db4e1d",
    "https://deno.land/std@0.162.0/node/crypto.ts": "0bc90f0550c7d00ee11d8a086d57b2367ab3a083f4156ef68ae28582cd3cfcc2",
    "https://deno.land/std@0.162.0/node/events.ts": "f848398d3591534ca94ac6b852a9f3c4dbb2da310c3a26059cf4ff06b7eae088",
    "https://deno.land/std@0.162.0/node/internal/buffer.d.ts": "90f674081428a61978b6d481c5f557ff743a3f4a85d7ae113caab48fdf5b8a63",
    "https://deno.land/std@0.162.0/node/internal/buffer.mjs": "70b74b34f1617b3492aee6dec35c7bdabbf26e034bfcf640aa61b3d63c5c850f",
    "https://deno.land/std@0.162.0/node/internal/crypto/_keys.ts": "7f993ece8c8e94a292944518cf4173521c6bf01785e75be014cd45a9cc2e4ad5",
    "https://deno.land/std@0.162.0/node/internal/crypto/_randomBytes.ts": "0d80254f7be71aa3212956071d22f2cb2193aa1f957e48286f83ccf092abe4e5",
    "https://deno.land/std@0.162.0/node/internal/crypto/_randomFill.ts": "4d9157fd8a4894f98c125c5870bd93e0203442ec0e09908158ebff2a71b4872e",
    "https://deno.land/std@0.162.0/node/internal/crypto/_randomInt.ts": "fddc02fb68e94f12a2023b0f98a8bf3a9eecfd7118633eebb752b6387e8f3baf",
    "https://deno.land/std@0.162.0/node/internal/crypto/certificate.ts": "e0660db45a9ff176c6f6cdf1b8ccceca535790afe37901e4c8abcbf419b1f68d",
    "https://deno.land/std@0.162.0/node/internal/crypto/cipher.ts": "68887462421f4f3e63762206b5e88ad88e77ae652e3a785263bb20cee8b80634",
    "https://deno.land/std@0.162.0/node/internal/crypto/constants.ts": "d2c8821977aef55e4d66414d623c24a2447791a8b49b6404b8db32d81e20c315",
    "https://deno.land/std@0.162.0/node/internal/crypto/diffiehellman.ts": "cccd7359947dfbc495bdf23f90c6cd94dbd0dfe70baa0f31e1fd0440b4319e92",
    "https://deno.land/std@0.162.0/node/internal/crypto/hash.ts": "2f930d1756c8d16914180b1bb188677c6442dcdc3ab17b50ac1dfe4beafd2611",
    "https://deno.land/std@0.162.0/node/internal/crypto/hkdf.ts": "4e4221437b95fea095a2b9d869565e8d545a135f8bbaa6a8667998185b67fc1e",
    "https://deno.land/std@0.162.0/node/internal/crypto/keygen.ts": "067c4e23b0f50b12522edea98db8de83434f0aa344bc23c3d07297c5d62483e4",
    "https://deno.land/std@0.162.0/node/internal/crypto/keys.ts": "9a985a04f813cdc600afb8437e06a57abc2ac4bb82783557f65af5ebeb780c2f",
    "https://deno.land/std@0.162.0/node/internal/crypto/pbkdf2.ts": "bed16fa96c93a4ac397473590c21f58c50e4333a96c85bed1cff00431bf2f33c",
    "https://deno.land/std@0.162.0/node/internal/crypto/random.ts": "6e3fe98367b3715a1f9039f7291a75840f1b903d4b411ce7b44ff671e64d3572",
    "https://deno.land/std@0.162.0/node/internal/crypto/scrypt.ts": "120ae83f72ddcee6c6af8db3593a86aa0c926f9e563f66b0ccc303526887f337",
    "https://deno.land/std@0.162.0/node/internal/crypto/sig.ts": "9d86ae6d210a23ce379b1f85a2226d9ba0279699b643a43070d1bd94c3c452e8",
    "https://deno.land/std@0.162.0/node/internal/crypto/types.ts": "51201006692f584f860cad16ce20f48e74c0a4a9d3e26e31fda1b48791033ae1",
    "https://deno.land/std@0.162.0/node/internal/crypto/util.ts": "818299136d987248d4dd65ecbc825244ad46cae81d4f67131c7f671459af8ca4",
    "https://deno.land/std@0.162.0/node/internal/crypto/x509.ts": "8fcc114549ee0e9aca22fbddaf2f59cf7feeeb74c0189b1035d3d223a01dbd09",
    "https://deno.land/std@0.162.0/node/internal/error_codes.ts": "ac03c4eae33de3a69d6c98e8678003207eecf75a6900eb847e3fea3c8c9e6d8f",
    "https://deno.land/std@0.162.0/node/internal/errors.ts": "1b65ad547acb9a8501d87409cbebb0d26d9879c9de9458ee6ea9aa5a71fdbe9f",
    "https://deno.land/std@0.162.0/node/internal/fixed_queue.ts": "455b3c484de48e810b13bdf95cd1658ecb1ba6bcb8b9315ffe994efcde3ba5f5",
    "https://deno.land/std@0.162.0/node/internal/hide_stack_frames.ts": "a91962ec84610bc7ec86022c4593cdf688156a5910c07b5bcd71994225c13a03",
    "https://deno.land/std@0.162.0/node/internal/normalize_encoding.mjs": "3779ec8a7adf5d963b0224f9b85d1bc974a2ec2db0e858396b5d3c2c92138a0a",
    "https://deno.land/std@0.162.0/node/internal/options.ts": "a23c285975e058cb26a19abcb048cd8b46ab12d21cfb028868ac8003fffb43ac",
    "https://deno.land/std@0.162.0/node/internal/primordials.mjs": "7cf5afe471583e4a384eeea109bdff276b6b7f3a3af830f99f951fb7d57ef423",
    "https://deno.land/std@0.162.0/node/internal/streams/destroy.mjs": "9c9bbeb172a437041d529829f433df72cf0b63ae49f3ee6080a55ffbef7572ad",
    "https://deno.land/std@0.162.0/node/internal/streams/end-of-stream.mjs": "38be76eaceac231dfde643e72bc0940625446bf6d1dbd995c91c5ba9fd59b338",
    "https://deno.land/std@0.162.0/node/internal/streams/utils.mjs": "a0a6b93a7e68ef52bef4ed00b0c82bb7e335abf360af57335b07c6a3fcdde717",
    "https://deno.land/std@0.162.0/node/internal/streams/writable.mjs": "b4d2069f0403dd4a0008d315de924b1d78e5135107a2eb41c41d04c3981791fc",
    "https://deno.land/std@0.162.0/node/internal/util.mjs": "35d24fb775468cd24443bcf0ec68904b8aa44e5b53845491a5e3382421917f9a",
    "https://deno.land/std@0.162.0/node/internal/util/inspect.mjs": "1ddace0c97719d2cc0869ba177d375e96051301352ec235cbfb2ecbfcd4e8fba",
    "https://deno.land/std@0.162.0/node/internal/util/types.ts": "de6e2b7f9b9985ab881b1e78f05ae51d1fc829ae1584063df21e57b35312f3c4",
    "https://deno.land/std@0.162.0/node/internal/validators.mjs": "67deae0f488d013c8bf485742a5478112b8e48837cb2458c4a8b2669cf7017db",
    "https://deno.land/std@0.162.0/node/internal_binding/_libuv_winerror.ts": "801e05c2742ae6cd42a5f0fd555a255a7308a65732551e962e5345f55eedc519",
    "https://deno.land/std@0.162.0/node/internal_binding/_node.ts": "e4075ba8a37aef4eb5b592c8e3807c39cb49ca8653faf8e01a43421938076c1b",
    "https://deno.land/std@0.162.0/node/internal_binding/_timingSafeEqual.ts": "80640f055101071cb3680a2d8a1fead5fd260ca8bf183efb94296b69463e06cd",
    "https://deno.land/std@0.162.0/node/internal_binding/_utils.ts": "1c50883b5751a9ea1b38951e62ed63bacfdc9d69ea665292edfa28e1b1c5bd94",
    "https://deno.land/std@0.162.0/node/internal_binding/_winerror.ts": "8811d4be66f918c165370b619259c1f35e8c3e458b8539db64c704fbde0a7cd2",
    "https://deno.land/std@0.162.0/node/internal_binding/buffer.ts": "781e1d13adc924864e6e37ecb5152e8a4e994cf394695136e451c47f00bda76c",
    "https://deno.land/std@0.162.0/node/internal_binding/constants.ts": "f4afc504137fb21f3908ab549931604968dfa62432b285a0874f41c4cade9ed2",
    "https://deno.land/std@0.162.0/node/internal_binding/crypto.ts": "d7f39700dc020364edf7f4785e5026bb91f099ce1bd02734182451b1af300c8c",
    "https://deno.land/std@0.162.0/node/internal_binding/node_options.ts": "3cd5706153d28a4f5944b8b162c1c61b7b8e368a448fb1a2cff9f7957d3db360",
    "https://deno.land/std@0.162.0/node/internal_binding/string_decoder.ts": "5cb1863763d1e9b458bc21d6f976f16d9c18b3b3f57eaf0ade120aee38fba227",
    "https://deno.land/std@0.162.0/node/internal_binding/types.ts": "4c26fb74ba2e45de553c15014c916df6789529a93171e450d5afb016b4c765e7",
    "https://deno.land/std@0.162.0/node/internal_binding/util.ts": "faf5146c3cc3b2d6c26026a818b4a16e91488ab26e63c069f36ba3c3ae24c97b",
    "https://deno.land/std@0.162.0/node/internal_binding/uv.ts": "8c5b971a7e5e66584274fcb8aab958a6b3d5a6232ee8b3dec09b24047d6c008d",
    "https://deno.land/std@0.162.0/node/stream.ts": "2c6d5d207d0ad295f396b34fd03a908c1638beb1754bc9c1fccd9a4cdcace8be",
    "https://deno.land/std@0.162.0/node/string_decoder.ts": "51ce85a173d2e36ac580d418bb48b804adb41732fc8bd85f7d5d27b7accbc61f",
    "https://deno.land/std@0.162.0/path/_constants.ts": "df1db3ffa6dd6d1252cc9617e5d72165cd2483df90e93833e13580687b6083c3",
    "https://deno.land/std@0.162.0/path/_interface.ts": "ee3b431a336b80cf445441109d089b70d87d5e248f4f90ff906820889ecf8d09",
    "https://deno.land/std@0.162.0/path/_util.ts": "d16be2a16e1204b65f9d0dfc54a9bc472cafe5f4a190b3c8471ec2016ccd1677",
    "https://deno.land/std@0.162.0/path/common.ts": "bee563630abd2d97f99d83c96c2fa0cca7cee103e8cb4e7699ec4d5db7bd2633",
    "https://deno.land/std@0.162.0/path/glob.ts": "cb5255638de1048973c3e69e420c77dc04f75755524cb3b2e160fe9277d939ee",
    "https://deno.land/std@0.162.0/path/mod.ts": "56fec03ad0ebd61b6ab39ddb9b0ddb4c4a5c9f2f4f632e09dd37ec9ebfd722ac",
    "https://deno.land/std@0.162.0/path/posix.ts": "6b63de7097e68c8663c84ccedc0fd977656eb134432d818ecd3a4e122638ac24",
    "https://deno.land/std@0.162.0/path/separator.ts": "fe1816cb765a8068afb3e8f13ad272351c85cbc739af56dacfc7d93d710fe0f9",
    "https://deno.land/std@0.162.0/path/win32.ts": "ee8826dce087d31c5c81cd414714e677eb68febc40308de87a2ce4b40e10fb8d",
    "https://deno.land/std@0.162.0/streams/conversion.ts": "555c6c249f3acf85655f2d0af52d1cb3168e40b1c1fa26beefea501b333abe28",
    "https://deno.land/std@0.162.0/testing/_diff.ts": "a23e7fc2b4d8daa3e158fa06856bedf5334ce2a2831e8bf9e509717f455adb2c",
    "https://deno.land/std@0.162.0/testing/_format.ts": "cd11136e1797791045e639e9f0f4640d5b4166148796cad37e6ef75f7d7f3832",
    "https://deno.land/std@0.162.0/testing/asserts.ts": "1e340c589853e82e0807629ba31a43c84ebdcdeca910c4a9705715dfdb0f5ce8",
    "https://deno.land/std@0.98.0/async/deferred.ts": "624bef4b755b71394620508a0c234a93cb8020cbd1b04bfcdad41c174392cef6",
    "https://deno.land/std@0.98.0/async/delay.ts": "9de1d8d07d1927767ab7f82434b883f3d8294fb19cad819691a2ad81a728cf3d",
    "https://deno.land/std@0.98.0/async/mod.ts": "f24e4a94f9fb7de78e8345e9590e1bf23da28a212541970413a023094448031b",
    "https://deno.land/std@0.98.0/async/mux_async_iterator.ts": "62abff3af9ff619e8f2adc96fc70d4ca020fa48a50c23c13f12d02ed2b760dbe",
    "https://deno.land/std@0.98.0/async/pool.ts": "353ce4f91865da203a097aa6f33de8966340c91b6f4a055611c8c5d534afd12f",
    "https://deno.land/std@0.98.0/async/tee.ts": "6b8f1322b6dd2396202cfbe9cde9cab158d1e962cfd9197b0a97c6657bee79ce",
    "https://deno.land/x/cliffy@v0.25.4/_utils/distance.ts": "02af166952c7c358ac83beae397aa2fbca4ad630aecfcd38d92edb1ea429f004",
    "https://deno.land/x/cliffy@v0.25.4/command/_errors.ts": "4fa6e1fa7d363a6ba20c401970da4634bca5a5352ece7005accc706a57407ae3",
    "https://deno.land/x/cliffy@v0.25.4/command/_utils.ts": "833aa9152bd36a610860261a6c4a2a3be4c31dbc10c24d076e75d09a9fa50d39",
    "https://deno.land/x/cliffy@v0.25.4/command/command.ts": "d51522506acad3a2424a7ba6d9dc98ccb622a68babcf152e116c0e104ad242bc",
    "https://deno.land/x/cliffy@v0.25.4/command/completions/_bash_completions_generator.ts": "43b4abb543d4dc60233620d51e69d82d3b7c44e274e723681e0dce2a124f69f9",
    "https://deno.land/x/cliffy@v0.25.4/command/completions/_fish_completions_generator.ts": "900b83033093b74814631717b56a3888da14436799a70366e10834230a0288d9",
    "https://deno.land/x/cliffy@v0.25.4/command/completions/_zsh_completions_generator.ts": "adf33fd53b69bcb966dfc0a0c7141f542b18f1af56ec61038c80e7cd9614ec17",
    "https://deno.land/x/cliffy@v0.25.4/command/completions/bash.ts": "053aa2006ec327ccecacb00ba28e5eb836300e5c1bec1b3cfaee9ddcf8189756",
    "https://deno.land/x/cliffy@v0.25.4/command/completions/complete.ts": "58df61caa5e6220ff2768636a69337923ad9d4b8c1932aeb27165081c4d07d8b",
    "https://deno.land/x/cliffy@v0.25.4/command/completions/fish.ts": "9938beaa6458c6cf9e2eeda46a09e8cd362d4f8c6c9efe87d3cd8ca7477402a5",
    "https://deno.land/x/cliffy@v0.25.4/command/completions/mod.ts": "aeef7ec8e319bb157c39a4bab8030c9fe8fa327b4c1e94c9c1025077b45b40c0",
    "https://deno.land/x/cliffy@v0.25.4/command/completions/zsh.ts": "8b04ab244a0b582f7927d405e17b38602428eeb347a9968a657e7ea9f40e721a",
    "https://deno.land/x/cliffy@v0.25.4/command/deprecated.ts": "bbe6670f1d645b773d04b725b8b8e7814c862c9f1afba460c4d599ffe9d4983c",
    "https://deno.land/x/cliffy@v0.25.4/command/deps.ts": "e57c24e1d4b44b2905cf168050a2a13dbb0642217e99098e49d9cb5ad28a4749",
    "https://deno.land/x/cliffy@v0.25.4/command/help/_help_generator.ts": "10d0192727b97354e5fedca28418df94d9bee09253f3afe5196e1285c5e987cc",
    "https://deno.land/x/cliffy@v0.25.4/command/help/mod.ts": "09d74d3eb42d21285407cda688074c29595d9c927b69aedf9d05ff3f215820d3",
    "https://deno.land/x/cliffy@v0.25.4/command/mod.ts": "91a0487e7eafa2a292137cb3362ecdec4936358cd762182cddfe02be48ef16f0",
    "https://deno.land/x/cliffy@v0.25.4/command/type.ts": "24e88e3085e1574662b856ccce70d589959648817135d4469fab67b9cce1b364",
    "https://deno.land/x/cliffy@v0.25.4/command/types.ts": "e2a76044de0cbbb46f8beaf8dac50eae41c427ee4acbfd0248d887fb40e226d2",
    "https://deno.land/x/cliffy@v0.25.4/command/types/action_list.ts": "33c98d449617c7a563a535c9ceb3741bde9f6363353fd492f90a74570c611c27",
    "https://deno.land/x/cliffy@v0.25.4/command/types/boolean.ts": "3879ec16092b4b5b1a0acb8675f8c9250c0b8a972e1e4c7adfba8335bd2263ed",
    "https://deno.land/x/cliffy@v0.25.4/command/types/child_command.ts": "f1fca390c7fbfa7a713ca15ef55c2c7656bcbb394d50e8ef54085bdf6dc22559",
    "https://deno.land/x/cliffy@v0.25.4/command/types/command.ts": "325d0382e383b725fd8d0ef34ebaeae082c5b76a1f6f2e843fee5dbb1a4fe3ac",
    "https://deno.land/x/cliffy@v0.25.4/command/types/enum.ts": "2178345972adf7129a47e5f02856ca3e6852a91442a1c78307dffb8a6a3c6c9f",
    "https://deno.land/x/cliffy@v0.25.4/command/types/file.ts": "8618f16ac9015c8589cbd946b3de1988cc4899b90ea251f3325c93c46745140e",
    "https://deno.land/x/cliffy@v0.25.4/command/types/integer.ts": "29864725fd48738579d18123d7ee78fed37515e6dc62146c7544c98a82f1778d",
    "https://deno.land/x/cliffy@v0.25.4/command/types/number.ts": "aeba96e6f470309317a16b308c82e0e4138a830ec79c9877e4622c682012bc1f",
    "https://deno.land/x/cliffy@v0.25.4/command/types/string.ts": "e4dadb08a11795474871c7967beab954593813bb53d9f69ea5f9b734e43dc0e0",
    "https://deno.land/x/cliffy@v0.25.4/flags/_errors.ts": "f1fbb6bfa009e7950508c9d491cfb4a5551027d9f453389606adb3f2327d048f",
    "https://deno.land/x/cliffy@v0.25.4/flags/_utils.ts": "340d3ecab43cde9489187e1f176504d2c58485df6652d1cdd907c0e9c3ce4cc2",
    "https://deno.land/x/cliffy@v0.25.4/flags/_validate_flags.ts": "16eb5837986c6f6f7620817820161a78d66ce92d690e3697068726bbef067452",
    "https://deno.land/x/cliffy@v0.25.4/flags/deprecated.ts": "a72a35de3cc7314e5ebea605ca23d08385b218ef171c32a3f135fb4318b08126",
    "https://deno.land/x/cliffy@v0.25.4/flags/flags.ts": "68a9dfcacc4983a84c07ba19b66e5e9fccd04389fad215210c60fb414cc62576",
    "https://deno.land/x/cliffy@v0.25.4/flags/types.ts": "7452ea5296758fb7af89930349ce40d8eb9a43b24b3f5759283e1cb5113075fd",
    "https://deno.land/x/cliffy@v0.25.4/flags/types/boolean.ts": "b21be165b49b8517372361642cffaeaa4f4bb69637994a9762ceba642fe39676",
    "https://deno.land/x/cliffy@v0.25.4/flags/types/integer.ts": "b60d4d590f309ddddf066782d43e4dc3799f0e7d08e5ede7dc62a5ee94b9a6d9",
    "https://deno.land/x/cliffy@v0.25.4/flags/types/number.ts": "610936e2d29de7c8c304b65489a75ebae17b005c6122c24e791fbed12444d51e",
    "https://deno.land/x/cliffy@v0.25.4/flags/types/string.ts": "e89b6a5ce322f65a894edecdc48b44956ec246a1d881f03e97bbda90dd8638c5",
    "https://deno.land/x/cliffy@v0.25.4/table/border.ts": "2514abae4e4f51eda60a5f8c927ba24efd464a590027e900926b38f68e01253c",
    "https://deno.land/x/cliffy@v0.25.4/table/cell.ts": "1d787d8006ac8302020d18ec39f8d7f1113612c20801b973e3839de9c3f8b7b3",
    "https://deno.land/x/cliffy@v0.25.4/table/deps.ts": "e61aab0abd205058aba0e6a74ee9f25dd2f4127d41c8cc41146c7a81b5bc6a81",
    "https://deno.land/x/cliffy@v0.25.4/table/layout.ts": "46bf10ae5430cf4fbb92f23d588230e9c6336edbdb154e5c9581290562b169f4",
    "https://deno.land/x/cliffy@v0.25.4/table/row.ts": "5f519ba7488d2ef76cbbf50527f10f7957bfd668ce5b9169abbc44ec88302645",
    "https://deno.land/x/cliffy@v0.25.4/table/table.ts": "ec204c9d08bb3ff1939c5ac7412a4c9ed7d00925d4fc92aff9bfe07bd269258d",
    "https://deno.land/x/cliffy@v0.25.4/table/utils.ts": "187bb7dcbcfb16199a5d906113f584740901dfca1007400cba0df7dcd341bc29",
    "https://deno.land/x/ed25519@1.7.1/index.ts": "bd2f8b3c023bfd40df6f75484142b3941922da132ffc9aa70d3cd4e30388fa80",
    "https://deno.land/x/ed25519@1.7.1/mod.ts": "c55d359e1b691bd5418c92ea9f3bd9b880d0f219e3bf3167f975889e83a943ac",
    "https://deno.land/x/retry@v2.0.0/deps.ts": "62bc07039958b86fcb32e739cc030358417ee1f21872d54c108787d7cea202dc",
    "https://deno.land/x/retry@v2.0.0/misc.ts": "1576f1b578a8da8c9f3e21988a77cb66081bc04d73965e98f635e7107bd394ea",
    "https://deno.land/x/retry@v2.0.0/mod.ts": "a02882eca91f62cda4871ff55b83e9b7ac7173fe7e37028e3ff24d5a58c723e4",
    "https://deno.land/x/retry@v2.0.0/retry/decorator.ts": "d95aa83651c355be3c01290721cf1c1c121ef442031abd9b91b06486b9908978",
    "https://deno.land/x/retry@v2.0.0/retry/options.ts": "b97a77a8dbad759602c92f3b08a2e99466844ff672e9cf52523c6f94cb47619b",
    "https://deno.land/x/retry@v2.0.0/retry/retry.ts": "2d8de90696082287aa31ee7723d3fb9b7d8f10f06651aa38494364e69a371a6e",
    "https://deno.land/x/retry@v2.0.0/retry/tooManyTries.ts": "e63db29ff25b32a7938da60112a7a0280b3dffa5d888b25d3225d417057af0fa",
    "https://deno.land/x/retry@v2.0.0/retry/utils/options.ts": "ad21c186f419f29f4dde70631ef4cf47302fc63f99c9d259108cc4fc10b64c91",
    "https://deno.land/x/retry@v2.0.0/retry/utils/tools.ts": "0873dd98867c3befa40777b4c39752443b7e4a357194719b3f7e52a6af3b96d5",
    "https://deno.land/x/retry@v2.0.0/retry/utils/untilDefined/decorators.ts": "b0638e5d8f29ae91591fc0c22d59aaeca98875b25f27965f00dac8ac62827240",
    "https://deno.land/x/retry@v2.0.0/retry/utils/untilDefined/retry.ts": "419ff8e8e70d3afd9c72e4c613da1a33f1226701fd38a0529f053848ed295169",
    "https://deno.land/x/retry@v2.0.0/retry/utils/untilResponse/decorators.ts": "0696c8292acb316a78bcd228c141b2039fe2dcf3089ae5d93c65e1e2b0778240",
    "https://deno.land/x/retry@v2.0.0/retry/utils/untilResponse/retry.ts": "756c9260656c1e506437d20a09c03d56a52c03deb4d90cf5ec04fe444a7c5a60",
    "https://deno.land/x/retry@v2.0.0/retry/utils/untilTruthy/decorators.ts": "669d6abfd4efacd0e3404b869710a54fe14452b96af9a8a6a9277a06b4736083",
    "https://deno.land/x/retry@v2.0.0/retry/utils/untilTruthy/retry.ts": "b9a84430b3116c973175a07e0fffed70db9ea5f6154ec4f56f267ec3df8e5e3d",
    "https://deno.land/x/retry@v2.0.0/wait/decorators.ts": "8bdb7953fc3408369afc5bba03a1ac285a81fe1472a688418cf8d0391eeef7ff",
    "https://deno.land/x/retry@v2.0.0/wait/options.ts": "159e50c401e5fbb5513aa25cffb703758d9618e80b8a40b6af2ba51d3153a19a",
    "https://deno.land/x/retry@v2.0.0/wait/timeoutError.ts": "61b6b17e26cd16d7f612169185c8e4e63271673c15ad6b8bb4b20fbd9418b1fb",
    "https://deno.land/x/retry@v2.0.0/wait/wait.ts": "508bd97fced6b35393c358339e9a89d3cef9497dd2d95beaed40a83fef7e3d4f",
    "https://deno.land/x/s3_lite_client@0.2.0/client.ts": "e3a581d1647e93fa66bcaed506c5d08fbdc4d62311359e48cfeb447e15969c98",
    "https://deno.land/x/s3_lite_client@0.2.0/deps.ts": "9bf92ba650167905b14b0ac0a1778c56e4ed65c639e3dba64844f3a436c7b62c",
    "https://deno.land/x/s3_lite_client@0.2.0/errors.ts": "3dd431b0e96f346104d7be6c09e1659b5c360992e6487e35bacb881f10c5a5bf",
    "https://deno.land/x/s3_lite_client@0.2.0/helpers.ts": "6ba450312f54873805390cc7a11e61a7886dc00633f2ed20d941606568527332",
    "https://deno.land/x/s3_lite_client@0.2.0/mod.ts": "4a896cad948ae36e35a5025eff92a97366059fe8e01bb109df3889666c88bd1d",
    "https://deno.land/x/s3_lite_client@0.2.0/object-uploader.ts": "b4bad0d771d79b2bb23b8cab0e6f7be85a2390e18957c612fd5cda11c39f55b0",
    "https://deno.land/x/s3_lite_client@0.2.0/signing.ts": "544b6fdaedf0457db585824a1d597800b8c7cdb72bdb99d67d50a790a8d29769",
    "https://deno.land/x/s3_lite_client@0.2.0/transform-chunk-sizes.ts": "b26ff6f90477de9a3c7095503d8396f0db50c54ee84ac8c800f8b95945c642fd",
    "https://deno.land/x/s3_lite_client@0.2.0/xml-parser.ts": "3360a133aeee603966e7a430edad3b0602e62ac6e9ac6b6ee07f0295b3b4014f",
    "https://deno.land/x/zod@v3.19.1/ZodError.ts": "bd013373ed0cb47621d18df2abb8709a231166806821d76a84d31cad7068379e",
    "https://deno.land/x/zod@v3.19.1/errors.ts": "5285922d2be9700cc0c70c95e4858952b07ae193aa0224be3cbd5cd5567eabef",
    "https://deno.land/x/zod@v3.19.1/external.ts": "584f70718e55ae2660d18a552f9c3a5d022f8153aa43e6537f2c2738d6808d42",
    "https://deno.land/x/zod@v3.19.1/helpers/enumUtil.ts": "54efc393cc9860e687d8b81ff52e980def00fa67377ad0bf8b3104f8a5bf698c",
    "https://deno.land/x/zod@v3.19.1/helpers/errorUtil.ts": "7a77328240be7b847af6de9189963bd9f79cab32bbc61502a9db4fe6683e2ea7",
    "https://deno.land/x/zod@v3.19.1/helpers/parseUtil.ts": "920a5623929a4be9110412f82d16ccda537a58e153c942a6d6b8a38329f293a1",
    "https://deno.land/x/zod@v3.19.1/helpers/partialUtil.ts": "8dc921a02b47384cf52217c7e539268daf619f89319b75bdf13ea178815725df",
    "https://deno.land/x/zod@v3.19.1/helpers/typeAliases.ts": "a1a8d039eb98925f242f5ea1e21e6d3cabd7f05e9747680165c914695c979b4f",
    "https://deno.land/x/zod@v3.19.1/helpers/util.ts": "27765b9fbf843da59fcc16dccd6478976051b483769ec8e8376ac051bbac4a02",
    "https://deno.land/x/zod@v3.19.1/index.ts": "035a7422d9f2be54daa0fe464254b69225b443000673e4794095d672471e8792",
    "https://deno.land/x/zod@v3.19.1/locales/en.ts": "152ea350b7df6ce14f2806fc8c0972f56c9b2de6a3dd1129795287f50dee4374",
    "https://deno.land/x/zod@v3.19.1/mod.ts": "64e55237cb4410e17d968cd08975566059f27638ebb0b86048031b987ba251c4",
    "https://deno.land/x/zod@v3.19.1/types.ts": "ab062fe1640d2172f49ca593fb325a22f8927145201f29b02b62353c79db2501",
    "https://esm.sh/v94/@stablelib/base64@1.0.1": "f85e2610e65ce234fa7f19cff7fcd0495e0e836734a5bc12569775ae94c5b4bb",
    "https://esm.sh/v94/@stablelib/base64@1.0.1/deno/base64.js": "649868a2e6beed7d070bce5eb542d3c7cb9307877108398f1bfbe54e7df11c91",
    "https://esm.sh/v94/@stablelib/base64@1.0.1/lib/base64.d.ts": "7d61d70bfdb832b7b74c9ff1b18fdfbb0415cfe2054a446ca284369fce7b8edb",
    "https://esm.sh/v94/@truestamp/id@1.4.1": "b4d6a1a8125ca89af9c6da2724dff7895f3de8e6a5840c3915ecef28f6bf2877",
    "https://esm.sh/v94/@truestamp/id@1.4.1/deno/id.js": "1df93c2444984d78f7f1399e6a30fc392215f5f281bf6868b09d02062cbf1540",
    "https://esm.sh/v94/@truestamp/id@1.4.1/lib/index.d.ts": "a5f583730a50f7c9454a318a5144bc2aee4e466945dd5defb8db12e9fcdabaf3",
    "https://esm.sh/v94/@types/luxon@3.1.0/index.d.ts": "ada272d03ff2305ccf09cb7560563c4b457088d8611fb988a6cfb675c81cb4d6",
    "https://esm.sh/v94/@types/luxon@3.1.0/src/datetime.d.ts": "9775901f07fb19e34acf794c7d684bf511bd564aaa8c64d0d63c7367ade91b2a",
    "https://esm.sh/v94/@types/luxon@3.1.0/src/duration.d.ts": "f628fefd357c106d916b92c025880df8caa6b276d819e4010662edcac2bed766",
    "https://esm.sh/v94/@types/luxon@3.1.0/src/info.d.ts": "ad885efb88eba7e0212301d6d36f2122e602a7ad5acf874decbdda082dc232d2",
    "https://esm.sh/v94/@types/luxon@3.1.0/src/interval.d.ts": "d76e98ebad42f277cfeadc70f443ce23f6f46c8604f01fba89fb95f4da7adc11",
    "https://esm.sh/v94/@types/luxon@3.1.0/src/luxon.d.ts": "ebed01e1aa27660d0582fbd2afaee058feae47e7df0a760227736ec4224ac57d",
    "https://esm.sh/v94/@types/luxon@3.1.0/src/misc.d.ts": "52ed17fe2c0a4bb27a4f13e99234b3d1f364dc27f9bd7964946d5ec62792a0cc",
    "https://esm.sh/v94/@types/luxon@3.1.0/src/settings.d.ts": "d1582c4a1587316a67c1641cfe354a8d30d9457fa7c8a9e6e5198b27840fc6e6",
    "https://esm.sh/v94/@types/luxon@3.1.0/src/zone.d.ts": "45938045285af93edb0065d83c44410e18b34fd1285b5ce46e025a46d5042a46",
    "https://esm.sh/v94/iso-3166-ts@2.2.0": "3cb886bf404d2fd48440acff805b98e41a2d64e7cda6a3e09b4931947f0bdac7",
    "https://esm.sh/v94/iso-3166-ts@2.2.0/deno/iso-3166-ts.js": "d6a385360430032100f31d03c84291cae6c13c68234104c1ca3e22efe201137f",
    "https://esm.sh/v94/iso-3166-ts@2.2.0/dist/index.d.ts": "7b5a2b20d95b5941874e0a39f560c455c04f48f61039f782b39a4f4d28ee60f9",
    "https://esm.sh/v94/luxon@3.1.0": "4d5fa5c1ca73686ea85d44c0600713673a2c9acf5372ba59c6ed374cd37a3a8c",
    "https://esm.sh/v94/luxon@3.1.0/deno/luxon.js": "572c5048e8f43274fa559cdfc0a4236a806a5f4c1f5d59abe33730e4d3b4a869",
    "https://esm.sh/v94/zod@3.19.1": "d301fb8e12f72f61e8407b6b06130b90abe28243ab93904b6bd657c243252e26",
    "https://esm.sh/v94/zod@3.19.1/deno/zod.js": "96dffd86a9b994ed72dafd80c0f7917a8649893037d44e8c142bf2538ae76d5f",
    "https://esm.sh/v94/zod@3.19.1/index.d.ts": "b51c954b9557b1dcb03b2bf34cd136e710cb9aa276e686cac0e291249590a52a",
    "https://esm.sh/v94/zod@3.19.1/lib/ZodError.d.ts": "658f8a24b16c4bb348bee9ebf7be0d3a7f72514fd52c7f79ef225183152a80a8",
    "https://esm.sh/v94/zod@3.19.1/lib/errors.d.ts": "5ec2790f877581637c058eb5bbb72e855a078620d0781d2a6a8f308fe1d5436f",
    "https://esm.sh/v94/zod@3.19.1/lib/external.d.ts": "9aecb271407202ee5e93fdac5a6edf5f4e036f57e542836b64fdeae57975dd84",
    "https://esm.sh/v94/zod@3.19.1/lib/helpers/enumUtil.d.ts": "f672c876c1a04a223cf2023b3d91e8a52bb1544c576b81bf64a8fec82be9969c",
    "https://esm.sh/v94/zod@3.19.1/lib/helpers/errorUtil.d.ts": "014b34d4c2ef27191fdf3feabb6557ec92127f813910725b6e79ed9a49e466b6",
    "https://esm.sh/v94/zod@3.19.1/lib/helpers/parseUtil.d.ts": "d3dbfc2f2fbf2c1bdea72db72f9f5c95d2ca5b4d32c9e229764ebaba0920203c",
    "https://esm.sh/v94/zod@3.19.1/lib/helpers/partialUtil.d.ts": "7da6f1e431746c5364ebe6703f5d3a844ab0495e2a8cedc0a29cced52d6284a1",
    "https://esm.sh/v94/zod@3.19.1/lib/helpers/typeAliases.d.ts": "9afae14803f3b7343ed6d193173008715c1fa3421a353a818c805244ed737a84",
    "https://esm.sh/v94/zod@3.19.1/lib/helpers/util.d.ts": "bb98c05ae5cb9bd7cb7ad76fe517251a661787a6f24337b842f47faf393f79c7",
    "https://esm.sh/v94/zod@3.19.1/lib/index.d.ts": "0f86f053aecd06054359e146b6cd800fee9bf82905f8afb47f1fe774fd37311e",
    "https://esm.sh/v94/zod@3.19.1/lib/locales/en.d.ts": "f8ec1611afb8d132c6c71822718805866890cf2071025153af97508eff24e4b6",
    "https://esm.sh/v94/zod@3.19.1/lib/types.d.ts": "6c3d5c3902436de0bf51db9b31287e175dfb2afd083c5dffb30fab0e78ff6ffa"
  },
  "npm": {
    "specifiers": {
      "@stablelib/base64": "@stablelib/base64@1.0.1",
      "@stablelib/ed25519": "@stablelib/ed25519@1.0.3",
      "@stablelib/hex": "@stablelib/hex@1.0.1",
      "@stablelib/sha256": "@stablelib/sha256@1.0.1",
      "@truestamp/canonify@1.1.1": "@truestamp/canonify@1.1.1",
      "@truestamp/id": "@truestamp/id@1.4.1",
      "drand-client@0.2.0": "drand-client@0.2.0",
      "iso-3166-ts": "iso-3166-ts@2.2.0",
      "luxon": "luxon@3.1.0"
    },
    "packages": {
      "@stablelib/base64@1.0.1": {
        "integrity": "sha512-1bnPQqSxSuc3Ii6MhBysoWCg58j97aUjuCSZrGSmDxNqtytIi0k8utUenAwTZN4V5mXXYGsVUI9zeBqy+jBOSQ==",
        "dependencies": {}
      },
      "@stablelib/binary@1.0.1": {
        "integrity": "sha512-ClJWvmL6UBM/wjkvv/7m5VP3GMr9t0osr4yVgLZsLCOz4hGN9gIAFEqnJ0TsSMAN+n840nf2cHZnA5/KFqHC7Q==",
        "dependencies": { "@stablelib/int": "@stablelib/int@1.0.1" }
      },
      "@stablelib/ed25519@1.0.3": {
        "integrity": "sha512-puIMWaX9QlRsbhxfDc5i+mNPMY+0TmQEskunY1rZEBPi1acBCVQAhnsk/1Hk50DGPtVsZtAWQg4NHGlVaO9Hqg==",
        "dependencies": {
          "@stablelib/random": "@stablelib/random@1.0.2",
          "@stablelib/sha512": "@stablelib/sha512@1.0.1",
          "@stablelib/wipe": "@stablelib/wipe@1.0.1"
        }
      },
      "@stablelib/hash@1.0.1": {
        "integrity": "sha512-eTPJc/stDkdtOcrNMZ6mcMK1e6yBbqRBaNW55XA1jU8w/7QdnCF0CmMmOD1m7VSkBR44PWrMHU2l6r8YEQHMgg==",
        "dependencies": {}
      },
      "@stablelib/hex@1.0.1": {
        "integrity": "sha512-PQOEChVBjhYGgAD+ehO2ow1gSj1slre3jW4oMD4kV8VrhYhzmtsQDWDZej3BQO8qkVezdczDvISxVSF24PuYNA==",
        "dependencies": {}
      },
      "@stablelib/int@1.0.1": {
        "integrity": "sha512-byr69X/sDtDiIjIV6m4roLVWnNNlRGzsvxw+agj8CIEazqWGOQp2dTYgQhtyVXV9wpO6WyXRQUzLV/JRNumT2w==",
        "dependencies": {}
      },
      "@stablelib/random@1.0.2": {
        "integrity": "sha512-rIsE83Xpb7clHPVRlBj8qNe5L8ISQOzjghYQm/dZ7VaM2KHYwMW5adjQjrzTZCchFnNCNhkwtnOBa9HTMJCI8w==",
        "dependencies": {
          "@stablelib/binary": "@stablelib/binary@1.0.1",
          "@stablelib/wipe": "@stablelib/wipe@1.0.1"
        }
      },
      "@stablelib/sha256@1.0.1": {
        "integrity": "sha512-GIIH3e6KH+91FqGV42Kcj71Uefd/QEe7Dy42sBTeqppXV95ggCcxLTk39bEr+lZfJmp+ghsR07J++ORkRELsBQ==",
        "dependencies": {
          "@stablelib/binary": "@stablelib/binary@1.0.1",
          "@stablelib/hash": "@stablelib/hash@1.0.1",
          "@stablelib/wipe": "@stablelib/wipe@1.0.1"
        }
      },
      "@stablelib/sha512@1.0.1": {
        "integrity": "sha512-13gl/iawHV9zvDKciLo1fQ8Bgn2Pvf7OV6amaRVKiq3pjQ3UmEpXxWiAfV8tYjUpeZroBxtyrwtdooQT/i3hzw==",
        "dependencies": {
          "@stablelib/binary": "@stablelib/binary@1.0.1",
          "@stablelib/hash": "@stablelib/hash@1.0.1",
          "@stablelib/wipe": "@stablelib/wipe@1.0.1"
        }
      },
      "@stablelib/wipe@1.0.1": {
        "integrity": "sha512-WfqfX/eXGiAd3RJe4VU2snh/ZPwtSjLG4ynQ/vYzvghTh7dHFcI1wl+nrkWG6lGhukOxOsUHfv8dUXr58D0ayg==",
        "dependencies": {}
      },
      "@truestamp/canonify@1.1.1": {
        "integrity": "sha512-70gB49dWJSIRP0XJz1nZluxbgagZA+iqDtFlPfNhbo9wAdJzp3Btn5TNetoIxlvyLErYmAwzA9gyiaBcm0cCgQ==",
        "dependencies": {}
      },
      "@truestamp/id@1.4.1": {
        "integrity": "sha512-24FvqKDqG8AX+IaJm8l/6PDaDcC6L1RqwCrWwzTvWwfousODlxbI1KOdy2lTeom6CkAm71bWO2dG1mataGiHoQ==",
        "dependencies": {}
      },
      "drand-client@0.2.0": {
        "integrity": "sha512-0L+X8rm1XCN908cIOYXAauXyBK32zf7y0cGLcoZVaMQmuZwbuqcVrrvQCOgh3qjptYuvnEFncMGpKf3p/7YjFw==",
        "dependencies": {}
      },
      "iso-3166-ts@2.2.0": {
        "integrity": "sha512-tgV67XkuIVjZuS5Kr8HxGeLkqnP2MFJ1KDx6dTeniZCXVs4GoF44Cgei2MSy6mv+RnPwMfL+vwvvKl0XRgl2Wg==",
        "dependencies": {}
      },
      "luxon@3.1.0": {
        "integrity": "sha512-7w6hmKC0/aoWnEsmPCu5Br54BmbmUp5GfcqBxQngRcXJ+q5fdfjEzn7dxmJh2YdDhgW8PccYtlWKSv4tQkrTQg==",
        "dependencies": {}
      }
    }
  }
}
